
Microsoft Visual Studio Solution File, Format Version 12.00
# Visual Studio Version 16
VisualStudioVersion = 16.0.30907.101
MinimumVisualStudioVersion = 10.0.40219.1
Project("{FAE04EC0-301F-11D3-BF4B-00C04F79EFBC}") = "ejercicio2", "ejercicio2\ejercicio2.csproj", "{3BB66EFB-B556-4414-AE30-EC3AA49EBE8A}"
EndProject
Global
	GlobalSection(SolutionConfigurationPlatforms) = preSolution
		Debug|Any CPU = Debug|Any CPU
		Release|Any CPU = Release|Any CPU
	EndGlobalSection
	GlobalSection(ProjectConfigurationPlatforms) = postSolution
		{3BB66EFB-B556-4414-AE30-EC3AA49EBE8A}.Debug|Any CPU.ActiveCfg = Debug|Any CPU
		{3BB66EFB-B556-4414-AE30-EC3AA49EBE8A}.Debug|Any CPU.Build.0 = Debug|Any CPU
		{3BB66EFB-B556-4414-AE30-EC3AA49EBE8A}.Release|Any CPU.ActiveCfg = Release|Any CPU
		{3BB66EFB-B556-4414-AE30-EC3AA49EBE8A}.Release|Any CPU.Build.0 = Release|Any CPU
	EndGlobalSection
	GlobalSection(SolutionProperties) = preSolution
		HideSolutionNode = FALSE
	EndGlobalSection
	GlobalSection(ExtensibilityGlobals) = postSolution
		SolutionGuid = {D32B70EC-4F13-4E22-951E-73E0ED23B2A0}
	EndGlobalSection
EndGlobal
